// !$*UTF8*$!
{
	archiveVersion = 1;
	classes = {
	};
	objectVersion = 48;
	objects = {

/* Begin PBXBuildFile section */
		1F99ABC22068B125004421B0 /* AppDelegate.swift in Sources */ = {isa = PBXBuildFile; fileRef = 1F99ABC12068B125004421B0 /* AppDelegate.swift */; };
		1F99ABC42068B125004421B0 /* ViewController.swift in Sources */ = {isa = PBXBuildFile; fileRef = 1F99ABC32068B125004421B0 /* ViewController.swift */; };
		1F99ABC72068B125004421B0 /* Main.storyboard in Resources */ = {isa = PBXBuildFile; fileRef = 1F99ABC52068B125004421B0 /* Main.storyboard */; };
		1F99ABC92068B125004421B0 /* Assets.xcassets in Resources */ = {isa = PBXBuildFile; fileRef = 1F99ABC82068B125004421B0 /* Assets.xcassets */; };
		1F99ABCC2068B125004421B0 /* LaunchScreen.storyboard in Resources */ = {isa = PBXBuildFile; fileRef = 1F99ABCA2068B125004421B0 /* LaunchScreen.storyboard */; };
		1F99ABE32068B18B004421B0 /* Zigzag.swift in Sources */ = {isa = PBXBuildFile; fileRef = 1F99ABE22068B18B004421B0 /* Zigzag.swift */; };
		1F99ABE62068B2BB004421B0 /* ZigzagTest.swift in Sources */ = {isa = PBXBuildFile; fileRef = 1F99ABE52068B2BB004421B0 /* ZigzagTest.swift */; };
		1F99ABE92068B3E5004421B0 /* BinaryWatch.swift in Sources */ = {isa = PBXBuildFile; fileRef = 1F99ABE82068B3E5004421B0 /* BinaryWatch.swift */; };
		1F99ABEC2068BD73004421B0 /* BinaryWatchTest.swift in Sources */ = {isa = PBXBuildFile; fileRef = 1F99ABEB2068BD73004421B0 /* BinaryWatchTest.swift */; };
/* End PBXBuildFile section */

/* Begin PBXContainerItemProxy section */
		1F99ABD32068B125004421B0 /* PBXContainerItemProxy */ = {
			isa = PBXContainerItemProxy;
			containerPortal = 1F99ABB62068B125004421B0 /* Project object */;
			proxyType = 1;
			remoteGlobalIDString = 1F99ABBD2068B125004421B0;
			remoteInfo = algorithm_swift;
		};
/* End PBXContainerItemProxy section */

/* Begin PBXFileReference section */
		1F99ABBE2068B125004421B0 /* algorithm_swift.app */ = {isa = PBXFileReference; explicitFileType = wrapper.application; includeInIndex = 0; path = algorithm_swift.app; sourceTree = BUILT_PRODUCTS_DIR; };
		1F99ABC12068B125004421B0 /* AppDelegate.swift */ = {isa = PBXFileReference; lastKnownFileType = sourcecode.swift; path = AppDelegate.swift; sourceTree = "<group>"; };
		1F99ABC32068B125004421B0 /* ViewController.swift */ = {isa = PBXFileReference; lastKnownFileType = sourcecode.swift; path = ViewController.swift; sourceTree = "<group>"; };
		1F99ABC62068B125004421B0 /* Base */ = {isa = PBXFileReference; lastKnownFileType = file.storyboard; name = Base; path = Base.lproj/Main.storyboard; sourceTree = "<group>"; };
		1F99ABC82068B125004421B0 /* Assets.xcassets */ = {isa = PBXFileReference; lastKnownFileType = folder.assetcatalog; path = Assets.xcassets; sourceTree = "<group>"; };
		1F99ABCB2068B125004421B0 /* Base */ = {isa = PBXFileReference; lastKnownFileType = file.storyboard; name = Base; path = Base.lproj/LaunchScreen.storyboard; sourceTree = "<group>"; };
		1F99ABCD2068B125004421B0 /* Info.plist */ = {isa = PBXFileReference; lastKnownFileType = text.plist.xml; path = Info.plist; sourceTree = "<group>"; };
		1F99ABD22068B125004421B0 /* algorithm_swiftTests.xctest */ = {isa = PBXFileReference; explicitFileType = wrapper.cfbundle; includeInIndex = 0; path = algorithm_swiftTests.xctest; sourceTree = BUILT_PRODUCTS_DIR; };
		1F99ABD82068B125004421B0 /* Info.plist */ = {isa = PBXFileReference; lastKnownFileType = text.plist.xml; path = Info.plist; sourceTree = "<group>"; };
		1F99ABE22068B18B004421B0 /* Zigzag.swift */ = {isa = PBXFileReference; lastKnownFileType = sourcecode.swift; name = Zigzag.swift; path = algorithm_swift/array/Zigzag.swift; sourceTree = SOURCE_ROOT; };
		1F99ABE52068B2BB004421B0 /* ZigzagTest.swift */ = {isa = PBXFileReference; lastKnownFileType = sourcecode.swift; path = ZigzagTest.swift; sourceTree = "<group>"; };
		1F99ABE82068B3E5004421B0 /* BinaryWatch.swift */ = {isa = PBXFileReference; lastKnownFileType = sourcecode.swift; path = BinaryWatch.swift; sourceTree = "<group>"; };
		1F99ABEB2068BD73004421B0 /* BinaryWatchTest.swift */ = {isa = PBXFileReference; lastKnownFileType = sourcecode.swift; path = BinaryWatchTest.swift; sourceTree = "<group>"; };
/* End PBXFileReference section */

/* Begin PBXFrameworksBuildPhase section */
		1F99ABBB2068B125004421B0 /* Frameworks */ = {
			isa = PBXFrameworksBuildPhase;
			buildActionMask = 2147483647;
			files = (
			);
			runOnlyForDeploymentPostprocessing = 0;
		};
		1F99ABCF2068B125004421B0 /* Frameworks */ = {
			isa = PBXFrameworksBuildPhase;
			buildActionMask = 2147483647;
			files = (
			);
			runOnlyForDeploymentPostprocessing = 0;
		};
/* End PBXFrameworksBuildPhase section */

/* Begin PBXGroup section */
		1F99ABB52068B125004421B0 = {
			isa = PBXGroup;
			children = (
				1F99ABC02068B125004421B0 /* algorithm_swift */,
				1F99ABD52068B125004421B0 /* algorithm_swiftTests */,
				1F99ABBF2068B125004421B0 /* Products */,
			);
			sourceTree = "<group>";
		};
		1F99ABBF2068B125004421B0 /* Products */ = {
			isa = PBXGroup;
			children = (
				1F99ABBE2068B125004421B0 /* algorithm_swift.app */,
				1F99ABD22068B125004421B0 /* algorithm_swiftTests.xctest */,
			);
			name = Products;
			sourceTree = "<group>";
		};
		1F99ABC02068B125004421B0 /* algorithm_swift */ = {
			isa = PBXGroup;
			children = (
				1F99ABE72068B3B8004421B0 /* misc */,
				1F99ABE12068B153004421B0 /* array */,
				1F99ABC12068B125004421B0 /* AppDelegate.swift */,
				1F99ABC32068B125004421B0 /* ViewController.swift */,
				1F99ABC52068B125004421B0 /* Main.storyboard */,
				1F99ABC82068B125004421B0 /* Assets.xcassets */,
				1F99ABCA2068B125004421B0 /* LaunchScreen.storyboard */,
				1F99ABCD2068B125004421B0 /* Info.plist */,
			);
			path = algorithm_swift;
			sourceTree = "<group>";
		};
		1F99ABD52068B125004421B0 /* algorithm_swiftTests */ = {
			isa = PBXGroup;
			children = (
				1F99ABEA2068BD5B004421B0 /* misc */,
				1F99ABE42068B1D2004421B0 /* array */,
				1F99ABD82068B125004421B0 /* Info.plist */,
			);
			path = algorithm_swiftTests;
			sourceTree = "<group>";
		};
		1F99ABE12068B153004421B0 /* array */ = {
			isa = PBXGroup;
			children = (
				1F99ABE22068B18B004421B0 /* Zigzag.swift */,
			);
			name = array;
			path = "New Group";
			sourceTree = "<group>";
		};
		1F99ABE42068B1D2004421B0 /* array */ = {
			isa = PBXGroup;
			children = (
				1F99ABE52068B2BB004421B0 /* ZigzagTest.swift */,
			);
			path = array;
			sourceTree = "<group>";
		};
		1F99ABE72068B3B8004421B0 /* misc */ = {
			isa = PBXGroup;
			children = (
				1F99ABE82068B3E5004421B0 /* BinaryWatch.swift */,
			);
			path = misc;
			sourceTree = "<group>";
		};
		1F99ABEA2068BD5B004421B0 /* misc */ = {
			isa = PBXGroup;
			children = (
				1F99ABEB2068BD73004421B0 /* BinaryWatchTest.swift */,
			);
			path = misc;
			sourceTree = "<group>";
		};
/* End PBXGroup section */

/* Begin PBXNativeTarget section */
		1F99ABBD2068B125004421B0 /* algorithm_swift */ = {
			isa = PBXNativeTarget;
			buildConfigurationList = 1F99ABDB2068B125004421B0 /* Build configuration list for PBXNativeTarget "algorithm_swift" */;
			buildPhases = (
				1F99ABBA2068B125004421B0 /* Sources */,
				1F99ABBB2068B125004421B0 /* Frameworks */,
				1F99ABBC2068B125004421B0 /* Resources */,
			);
			buildRules = (
			);
			dependencies = (
			);
			name = algorithm_swift;
			productName = algorithm_swift;
			productReference = 1F99ABBE2068B125004421B0 /* algorithm_swift.app */;
			productType = "com.apple.product-type.application";
		};
		1F99ABD12068B125004421B0 /* algorithm_swiftTests */ = {
			isa = PBXNativeTarget;
			buildConfigurationList = 1F99ABDE2068B125004421B0 /* Build configuration list for PBXNativeTarget "algorithm_swiftTests" */;
			buildPhases = (
				1F99ABCE2068B125004421B0 /* Sources */,
				1F99ABCF2068B125004421B0 /* Frameworks */,
				1F99ABD02068B125004421B0 /* Resources */,
			);
			buildRules = (
			);
			dependencies = (
				1F99ABD42068B125004421B0 /* PBXTargetDependency */,
			);
			name = algorithm_swiftTests;
			productName = algorithm_swiftTests;
			productReference = 1F99ABD22068B125004421B0 /* algorithm_swiftTests.xctest */;
			productType = "com.apple.product-type.bundle.unit-test";
		};
/* End PBXNativeTarget section */

/* Begin PBXProject section */
		1F99ABB62068B125004421B0 /* Project object */ = {
			isa = PBXProject;
			attributes = {
				LastSwiftUpdateCheck = 0910;
				LastUpgradeCheck = 0910;
				ORGANIZATIONNAME = "Haibo Yan";
				TargetAttributes = {
					1F99ABBD2068B125004421B0 = {
						CreatedOnToolsVersion = 9.1;
						ProvisioningStyle = Automatic;
					};
					1F99ABD12068B125004421B0 = {
						CreatedOnToolsVersion = 9.1;
						ProvisioningStyle = Automatic;
						TestTargetID = 1F99ABBD2068B125004421B0;
					};
				};
			};
			buildConfigurationList = 1F99ABB92068B125004421B0 /* Build configuration list for PBXProject "algorithm_swift" */;
			compatibilityVersion = "Xcode 8.0";
			developmentRegion = en;
			hasScannedForEncodings = 0;
			knownRegions = (
				en,
				Base,
			);
			mainGroup = 1F99ABB52068B125004421B0;
			productRefGroup = 1F99ABBF2068B125004421B0 /* Products */;
			projectDirPath = "";
			projectRoot = "";
			targets = (
				1F99ABBD2068B125004421B0 /* algorithm_swift */,
				1F99ABD12068B125004421B0 /* algorithm_swiftTests */,
			);
		};
/* End PBXProject section */

/* Begin PBXResourcesBuildPhase section */
		1F99ABBC2068B125004421B0 /* Resources */ = {
			isa = PBXResourcesBuildPhase;
			buildActionMask = 2147483647;
			files = (
				1F99ABCC2068B125004421B0 /* LaunchScreen.storyboard in Resources */,
				1F99ABC92068B125004421B0 /* Assets.xcassets in Resources */,
				1F99ABC72068B125004421B0 /* Main.storyboard in Resources */,
			);
			runOnlyForDeploymentPostprocessing = 0;
		};
		1F99ABD02068B125004421B0 /* Resources */ = {
			isa = PBXResourcesBuildPhase;
			buildActionMask = 2147483647;
			files = (
			);
			runOnlyForDeploymentPostprocessing = 0;
		};
/* End PBXResourcesBuildPhase section */

/* Begin PBXSourcesBuildPhase section */
		1F99ABBA2068B125004421B0 /* Sources */ = {
			isa = PBXSourcesBuildPhase;
			buildActionMask = 2147483647;
			files = (
				1F99ABE92068B3E5004421B0 /* BinaryWatch.swift in Sources */,
				1F99ABE32068B18B004421B0 /* Zigzag.swift in Sources */,
				1F99ABC42068B125004421B0 /* ViewController.swift in Sources */,
				1F99ABC22068B125004421B0 /* AppDelegate.swift in Sources */,
			);
			runOnlyForDeploymentPostprocessing = 0;
		};
		1F99ABCE2068B125004421B0 /* Sources */ = {
			isa = PBXSourcesBuildPhase;
			buildActionMask = 2147483647;
			files = (
				1F99ABE62068B2BB004421B0 /* ZigzagTest.swift in Sources */,
				1F99ABEC2068BD73004421B0 /* BinaryWatchTest.swift in Sources */,
			);
			runOnlyForDeploymentPostprocessing = 0;
		};
/* End PBXSourcesBuildPhase section */

/* Begin PBXTargetDependency section */
		1F99ABD42068B125004421B0 /* PBXTargetDependency */ = {
			isa = PBXTargetDependency;
			target = 1F99ABBD2068B125004421B0 /* algorithm_swift */;
			targetProxy = 1F99ABD32068B125004421B0 /* PBXContainerItemProxy */;
		};
/* End PBXTargetDependency section */

/* Begin PBXVariantGroup section */
		1F99ABC52068B125004421B0 /* Main.storyboard */ = {
			isa = PBXVariantGroup;
			children = (
				1F99ABC62068B125004421B0 /* Base */,
			);
			name = Main.storyboard;
			sourceTree = "<group>";
		};
		1F99ABCA2068B125004421B0 /* LaunchScreen.storyboard */ = {
			isa = PBXVariantGroup;
			children = (
				1F99ABCB2068B125004421B0 /* Base */,
			);
			name = LaunchScreen.storyboard;
			sourceTree = "<group>";
		};
/* End PBXVariantGroup section */

/* Begin XCBuildConfiguration section */
		1F99ABD92068B125004421B0 /* Debug */ = {
			isa = XCBuildConfiguration;
			buildSettings = {
				ALWAYS_SEARCH_USER_PATHS = NO;
				CLANG_ANALYZER_NONNULL = YES;
				CLANG_ANALYZER_NUMBER_OBJECT_CONVERSION = YES_AGGRESSIVE;
				CLANG_CXX_LANGUAGE_STANDARD = "gnu++14";
				CLANG_CXX_LIBRARY = "libc++";
				CLANG_ENABLE_MODULES = YES;
				CLANG_ENABLE_OBJC_ARC = YES;
				CLANG_WARN_BLOCK_CAPTURE_AUTORELEASING = YES;
				CLANG_WARN_BOOL_CONVERSION = YES;
				CLANG_WARN_COMMA = YES;
				CLANG_WARN_CONSTANT_CONVERSION = YES;
				CLANG_WARN_DIRECT_OBJC_ISA_USAGE = YES_ERROR;
				CLANG_WARN_DOCUMENTATION_COMMENTS = YES;
				CLANG_WARN_EMPTY_BODY = YES;
				CLANG_WARN_ENUM_CONVERSION = YES;
				CLANG_WARN_INFINITE_RECURSION = YES;
				CLANG_WARN_INT_CONVERSION = YES;
				CLANG_WARN_NON_LITERAL_NULL_CONVERSION = YES;
				CLANG_WARN_OBJC_LITERAL_CONVERSION = YES;
				CLANG_WARN_OBJC_ROOT_CLASS = YES_ERROR;
				CLANG_WARN_RANGE_LOOP_ANALYSIS = YES;
				CLANG_WARN_STRICT_PROTOTYPES = YES;
				CLANG_WARN_SUSPICIOUS_MOVE = YES;
				CLANG_WARN_UNGUARDED_AVAILABILITY = YES_AGGRESSIVE;
				CLANG_WARN_UNREACHABLE_CODE = YES;
				CLANG_WARN__DUPLICATE_METHOD_MATCH = YES;
				CODE_SIGN_IDENTITY = "iPhone Developer";
				COPY_PHASE_STRIP = NO;
				DEBUG_INFORMATION_FORMAT = dwarf;
				ENABLE_STRICT_OBJC_MSGSEND = YES;
				ENABLE_TESTABILITY = YES;
				GCC_C_LANGUAGE_STANDARD = gnu11;
				GCC_DYNAMIC_NO_PIC = NO;
				GCC_NO_COMMON_BLOCKS = YES;
				GCC_OPTIMIZATION_LEVEL = 0;
				GCC_PREPROCESSOR_DEFINITIONS = (
					"DEBUG=1",
					"$(inherited)",
				);
				GCC_WARN_64_TO_32_BIT_CONVERSION = YES;
				GCC_WARN_ABOUT_RETURN_TYPE = YES_ERROR;
				GCC_WARN_UNDECLARED_SELECTOR = YES;
				GCC_WARN_UNINITIALIZED_AUTOS = YES_AGGRESSIVE;
				GCC_WARN_UNUSED_FUNCTION = YES;
				GCC_WARN_UNUSED_VARIABLE = YES;
				IPHONEOS_DEPLOYMENT_TARGET = 11.1;
				MTL_ENABLE_DEBUG_INFO = YES;
				ONLY_ACTIVE_ARCH = YES;
				SDKROOT = iphoneos;
				SWIFT_ACTIVE_COMPILATION_CONDITIONS = DEBUG;
				SWIFT_OPTIMIZATION_LEVEL = "-Onone";
			};
			name = Debug;
		};
		1F99ABDA2068B125004421B0 /* Release */ = {
			isa = XCBuildConfiguration;
			buildSettings = {
				ALWAYS_SEARCH_USER_PATHS = NO;
				CLANG_ANALYZER_NONNULL = YES;
				CLANG_ANALYZER_NUMBER_OBJECT_CONVERSION = YES_AGGRESSIVE;
				CLANG_CXX_LANGUAGE_STANDARD = "gnu++14";
				CLANG_CXX_LIBRARY = "libc++";
				CLANG_ENABLE_MODULES = YES;
				CLANG_ENABLE_OBJC_ARC = YES;
				CLANG_WARN_BLOCK_CAPTURE_AUTORELEASING = YES;
				CLANG_WARN_BOOL_CONVERSION = YES;
				CLANG_WARN_COMMA = YES;
				CLANG_WARN_CONSTANT_CONVERSION = YES;
				CLANG_WARN_DIRECT_OBJC_ISA_USAGE = YES_ERROR;
				CLANG_WARN_DOCUMENTATION_COMMENTS = YES;
				CLANG_WARN_EMPTY_BODY = YES;
				CLANG_WARN_ENUM_CONVERSION = YES;
				CLANG_WARN_INFINITE_RECURSION = YES;
				CLANG_WARN_INT_CONVERSION = YES;
				CLANG_WARN_NON_LITERAL_NULL_CONVERSION = YES;
				CLANG_WARN_OBJC_LITERAL_CONVERSION = YES;
				CLANG_WARN_OBJC_ROOT_CLASS = YES_ERROR;
				CLANG_WARN_RANGE_LOOP_ANALYSIS = YES;
				CLANG_WARN_STRICT_PROTOTYPES = YES;
				CLANG_WARN_SUSPICIOUS_MOVE = YES;
				CLANG_WARN_UNGUARDED_AVAILABILITY = YES_AGGRESSIVE;
				CLANG_WARN_UNREACHABLE_CODE = YES;
				CLANG_WARN__DUPLICATE_METHOD_MATCH = YES;
				CODE_SIGN_IDENTITY = "iPhone Developer";
				COPY_PHASE_STRIP = NO;
				DEBUG_INFORMATION_FORMAT = "dwarf-with-dsym";
				ENABLE_NS_ASSERTIONS = NO;
				ENABLE_STRICT_OBJC_MSGSEND = YES;
				GCC_C_LANGUAGE_STANDARD = gnu11;
				GCC_NO_COMMON_BLOCKS = YES;
				GCC_WARN_64_TO_32_BIT_CONVERSION = YES;
				GCC_WARN_ABOUT_RETURN_TYPE = YES_ERROR;
				GCC_WARN_UNDECLARED_SELECTOR = YES;
				GCC_WARN_UNINITIALIZED_AUTOS = YES_AGGRESSIVE;
				GCC_WARN_UNUSED_FUNCTION = YES;
				GCC_WARN_UNUSED_VARIABLE = YES;
				IPHONEOS_DEPLOYMENT_TARGET = 11.1;
				MTL_ENABLE_DEBUG_INFO = NO;
				SDKROOT = iphoneos;
				SWIFT_OPTIMIZATION_LEVEL = "-Owholemodule";
				VALIDATE_PRODUCT = YES;
			};
			name = Release;
		};
		1F99ABDC2068B125004421B0 /* Debug */ = {
			isa = XCBuildConfiguration;
			buildSettings = {
				ASSETCATALOG_COMPILER_APPICON_NAME = AppIcon;
				CODE_SIGN_STYLE = Automatic;
				DEVELOPMENT_TEAM = 5JR4XX68PE;
				INFOPLIST_FILE = algorithm_swift/Info.plist;
				LD_RUNPATH_SEARCH_PATHS = "$(inherited) @executable_path/Frameworks";
				PRODUCT_BUNDLE_IDENTIFIER = "com.haiboyan.algorithm-swift";
				PRODUCT_NAME = "$(TARGET_NAME)";
				SWIFT_VERSION = 4.0;
				TARGETED_DEVICE_FAMILY = "1,2";
			};
			name = Debug;
		};
		1F99ABDD2068B125004421B0 /* Release */ = {
			isa = XCBuildConfiguration;
			buildSettings = {
				ASSETCATALOG_COMPILER_APPICON_NAME = AppIcon;
				CODE_SIGN_STYLE = Automatic;
				DEVELOPMENT_TEAM = 5JR4XX68PE;
				INFOPLIST_FILE = algorithm_swift/Info.plist;
				LD_RUNPATH_SEARCH_PATHS = "$(inherited) @executable_path/Frameworks";
				PRODUCT_BUNDLE_IDENTIFIER = "com.haiboyan.algorithm-swift";
				PRODUCT_NAME = "$(TARGET_NAME)";
				SWIFT_VERSION = 4.0;
				TARGETED_DEVICE_FAMILY = "1,2";
			};
			name = Release;
		};
		1F99ABDF2068B125004421B0 /* Debug */ = {
			isa = XCBuildConfiguration;
			buildSettings = {
				ALWAYS_EMBED_SWIFT_STANDARD_LIBRARIES = YES;
				BUNDLE_LOADER = "$(TEST_HOST)";
				CODE_SIGN_STYLE = Automatic;
				DEVELOPMENT_TEAM = 5JR4XX68PE;
				INFOPLIST_FILE = algorithm_swiftTests/Info.plist;
				LD_RUNPATH_SEARCH_PATHS = "$(inherited) @executable_path/Frameworks @loader_path/Frameworks";
				PRODUCT_BUNDLE_IDENTIFIER = "com.haiboyan.algorithm-swiftTests";
				PRODUCT_NAME = "$(TARGET_NAME)";
				SWIFT_VERSION = 4.0;
				TARGETED_DEVICE_FAMILY = "1,2";
				TEST_HOST = "$(BUILT_PRODUCTS_DIR)/algorithm_swift.app/algorithm_swift";
			};
			name = Debug;
		};
		1F99ABE02068B125004421B0 /* Release */ = {
			isa = XCBuildConfiguration;
			buildSettings = {
				ALWAYS_EMBED_SWIFT_STANDARD_LIBRARIES = YES;
				BUNDLE_LOADER = "$(TEST_HOST)";
				CODE_SIGN_STYLE = Automatic;
				DEVELOPMENT_TEAM = 5JR4XX68PE;
				INFOPLIST_FILE = algorithm_swiftTests/Info.plist;
				LD_RUNPATH_SEARCH_PATHS = "$(inherited) @executable_path/Frameworks @loader_path/Frameworks";
				PRODUCT_BUNDLE_IDENTIFIER = "com.haiboyan.algorithm-swiftTests";
				PRODUCT_NAME = "$(TARGET_NAME)";
				SWIFT_VERSION = 4.0;
				TARGETED_DEVICE_FAMILY = "1,2";
				TEST_HOST = "$(BUILT_PRODUCTS_DIR)/algorithm_swift.app/algorithm_swift";
			};
			name = Release;
		};
/* End XCBuildConfiguration section */

/* Begin XCConfigurationList section */
		1F99ABB92068B125004421B0 /* Build configuration list for PBXProject "algorithm_swift" */ = {
			isa = XCConfigurationList;
			buildConfigurations = (
				1F99ABD92068B125004421B0 /* Debug */,
				1F99ABDA2068B125004421B0 /* Release */,
			);
			defaultConfigurationIsVisible = 0;
			defaultConfigurationName = Release;
		};
		1F99ABDB2068B125004421B0 /* Build configuration list for PBXNativeTarget "algorithm_swift" */ = {
			isa = XCConfigurationList;
			buildConfigurations = (
				1F99ABDC2068B125004421B0 /* Debug */,
				1F99ABDD2068B125004421B0 /* Release */,
			);
			defaultConfigurationIsVisible = 0;
			defaultConfigurationName = Release;
		};
		1F99ABDE2068B125004421B0 /* Build configuration list for PBXNativeTarget "algorithm_swiftTests" */ = {
			isa = XCConfigurationList;
			buildConfigurations = (
				1F99ABDF2068B125004421B0 /* Debug */,
				1F99ABE02068B125004421B0 /* Release */,
			);
			defaultConfigurationIsVisible = 0;
			defaultConfigurationName = Release;
		};
/* End XCConfigurationList section */
	};
	rootObject = 1F99ABB62068B125004421B0 /* Project object */;
}
